
Microsoft Visual Studio Solution File, Format Version 12.00
# Visual Studio Version 17
VisualStudioVersion = 17.1.32210.238
MinimumVisualStudioVersion = 10.0.40219.1
Project("{FAE04EC0-301F-11D3-BF4B-00C04F79EFBC}") = "Reto_1", "Reto_1\Reto_1.csproj", "{091DAFBA-6940-4B81-AB41-280640232557}"
EndProject
Global
	GlobalSection(SolutionConfigurationPlatforms) = preSolution
		Debug|Any CPU = Debug|Any CPU
		Release|Any CPU = Release|Any CPU
	EndGlobalSection
	GlobalSection(ProjectConfigurationPlatforms) = postSolution
		{091DAFBA-6940-4B81-AB41-280640232557}.Debug|Any CPU.ActiveCfg = Debug|Any CPU
		{091DAFBA-6940-4B81-AB41-280640232557}.Debug|Any CPU.Build.0 = Debug|Any CPU
		{091DAFBA-6940-4B81-AB41-280640232557}.Release|Any CPU.ActiveCfg = Release|Any CPU
		{091DAFBA-6940-4B81-AB41-280640232557}.Release|Any CPU.Build.0 = Release|Any CPU
	EndGlobalSection
	GlobalSection(SolutionProperties) = preSolution
		HideSolutionNode = FALSE
	EndGlobalSection
	GlobalSection(ExtensibilityGlobals) = postSolution
		SolutionGuid = {780E0525-CDF2-497B-908E-F2C1A7632DBB}
	EndGlobalSection
EndGlobal
